{
  "name": "team-fuji",
  "lockfileVersion": 2,
  "requires": true,
  "packages": {
    "": {
      "dependencies": {
        "country-flag-icons": "^1.2.10",
        "react-circle-flags": "^0.0.14"
      }
    },
    "node_modules/country-flag-icons": {
      "version": "1.2.10",
      "resolved": "https://registry.npmjs.org/country-flag-icons/-/country-flag-icons-1.2.10.tgz",
      "integrity": "sha512-nG+kGe4wVU9M+EsLUhP4buSuNdBH0leTm0Fv6RToXxO9BbbxUKV9VUq+9AcztnW7nEnweK7WYdtJsfyNLmQugQ=="
    },
    "node_modules/react-circle-flags": {
      "version": "0.0.14",
      "resolved": "https://registry.npmjs.org/react-circle-flags/-/react-circle-flags-0.0.14.tgz",
      "integrity": "sha512-GNaOga3YV+OJvSn07KPv1uGd9MBU2TY8rD3y5+7WRrY+KpBSSzXz8oh/LctBlSMywzEJMWWmYbFT9C+L/PqEaw==",
      "engines": {
        "node": ">=10"
      }
    }
  },
  "dependencies": {
    "country-flag-icons": {
      "version": "1.2.10",
      "resolved": "https://registry.npmjs.org/country-flag-icons/-/country-flag-icons-1.2.10.tgz",
      "integrity": "sha512-nG+kGe4wVU9M+EsLUhP4buSuNdBH0leTm0Fv6RToXxO9BbbxUKV9VUq+9AcztnW7nEnweK7WYdtJsfyNLmQugQ=="
    },
    "react-circle-flags": {
      "version": "0.0.14",
      "resolved": "https://registry.npmjs.org/react-circle-flags/-/react-circle-flags-0.0.14.tgz",
      "integrity": "sha512-GNaOga3YV+OJvSn07KPv1uGd9MBU2TY8rD3y5+7WRrY+KpBSSzXz8oh/LctBlSMywzEJMWWmYbFT9C+L/PqEaw=="
    }
  }
}
